github.com/davecgh/go-spew v1.0.1-0.20160907170601-6d212800a42e h1:9EoM2C6YAkhnxTxG3LrAos2/KaALZdSNG5HTGPEEedE=
github.com/davecgh/go-spew v1.0.1-0.20160907170601-6d212800a42e/go.mod h1:J7Y8YcW2NihsgmVo/mv3lAwl/skON4iLHjSsI+c5H38=
github.com/dustin/go-humanize v0.0.0-20171012181109-77ed807830b4 h1:I4YDfvHXPYd8OWal9f4CgxbqNH2Bbcqk6wuLTy+ieww=
github.com/dustin/go-humanize v0.0.0-20171012181109-77ed807830b4/go.mod h1:HtrtbFcZ19U5GC7JDqmcUSB87Iq5E25KnS6fMYU6eOk=
github.com/fatih/color v1.8.0 h1:5bzFgL+oy7JITMTxUPJ00n7VxmYd/PdMp5mHFX40/RY=
github.com/fatih/color v1.8.0/go.mod h1:3l45GVGkyrnYNl9HoIjnp2NnNWvh6hLAqD8yTfGjnw8=
github.com/fzipp/gocyclo v0.0.0-20150627053110-6acd4345c835 h1:roDmqJ4Qes7hrDOsWsMCce0vQHz3xiMPjJ9m4c2eeNs=
github.com/fzipp/gocyclo v0.0.0-20150627053110-6acd4345c835/go.mod h1:BjL/N0+C+j9uNX+1xcNuM9vdSIcXCZrQZUYbXOFbgN8=
github.com/golang/geo v0.0.0-20170921223117-6fb829cea430 h1:LqIZHLDkoU4N+EgRo0YpY9G77t5g/oDbCZmKC90v6/A=
github.com/golang/geo v0.0.0-20170921223117-6fb829cea430/go.mod h1:vgWZ7cu0fq0KY3PpEHsocXOWJpRtkcbKemU4IUw0M60=
github.com/golang/protobuf v0.0.0-20170920220647-130e6b02ab05 h1:Kesru7U6Mhpf/x7rthxAKnr586VFmoE2NdEvkOKvfjg=
github.com/golang/protobuf v0.0.0-20170920220647-130e6b02ab05/go.mod h1:6lQm79b+lXiMfvg/cZm0SGofjICqVBUtrP5yJMmIC1U=
github.com/inconshreveable/mousetrap v1.0.0/go.mod h1:PxqpIevigyE2G7u3NXJIT2ANytuPF1OarO4DADm73n8=
github.com/mattn/go-colorable v0.0.9/go.mod h1:9vuHe8Xs5qXnSaW/c/ABM9alt+Vo+STaOChaDxuIBZU=
github.com/mattn/go-colorable v0.1.4/go.mod h1:U0ppj6V5qS13XJ6of8GYAs25YV2eR4EVcfRqFIhoBtE=
github.com/mattn/go-isatty v0.0.3/go.mod h1:M+lRXTBqGeGNdLjl/ufCoiOlB5xdOkqRJdNxMWT7Zi4=
github.com/mattn/go-isatty v0.0.8/go.mod h1:Iq45c/XA43vh69/j3iqttzPXn0bhXyGjM0Hdxcsrc5s=
github.com/mattn/go-runewidth v0.0.3-0.20170510074858-97311d9f7767 h1:/Df5WsCmjFyY0AT2fgEvlF2fHQ6sWyuRzgYXvgSh4ec=
github.com/mattn/go-runewidth v0.0.3-0.20170510074858-97311d9f7767/go.mod h1:LwmH8dsx7+W8Uxz3IHJYH5QSwggIsqBzpuz5H//U1FU=
github.com/pmezard/go-difflib v0.0.0-20151028094244-d8ed2627bdf0 h1:GD+A8+e+wFkqje55/2fOVnZPkoDIu1VooBWfNrnY8Uo=
github.com/pmezard/go-difflib v0.0.0-20151028094244-d8ed2627bdf0/go.mod h1:iKH77koFhYxTK1pcRnkKkqfTogsbg7gZNVY4sRDYZ/4=
github.com/spf13/cobra v0.0.1/go.mod h1:1l0Ry5zgKvJasoi3XT1TypsSe7PqH0Sj9dhYf7v3XqQ=
github.com/spf13/pflag v1.0.1-0.20171016164048-1f33b80956cd h1:H3t28We0pFNIdcNKzLRACE7ngRwSm0G++fNu4I1ys4U=
github.com/spf13/pflag v1.0.1-0.20171016164048-1f33b80956cd/go.mod h1:DYY7MBk1bdzusC3SYhjObp+wFpr4gzcvqqNjLnInEg4=
github.com/stretchr/testify v1.1.4 h1:ToftOQTytwshuOSj6bDSolVUa3GINfJP/fg3OkkOzQQ=
github.com/stretchr/testify v1.1.4/go.mod h1:a8OnRcib4nhh0OaRAV+Yts87kKdq0PP7pXfy6kDkUVs=
golang.org/x/sync v0.0.0-20190911185100-cd5d95a43a6e h1:vcxGaoTs7kV8m5Np9uUNQin4BrLOthgV7252N8V+FwY=
golang.org/x/sync v0.0.0-20190911185100-cd5d95a43a6e/go.mod h1:RxMgew5VJxzue5/jJTE5uejpjVlOe/izrB70Jof72aM=
golang.org/x/sys v0.0.0-20180202135801-37707fdb30a5/go.mod h1:STP8DvDyc/dI5b8T5hshtkjS+E42TnysNCUPdjciGhY=
golang.org/x/sys v0.0.0-20190222072716-a9d3bda3a223 h1:DH4skfRX4EBpamg7iV4ZlCpblAHI6s6TDM39bFZumv8=
golang.org/x/sys v0.0.0-20190222072716-a9d3bda3a223/go.mod h1:STP8DvDyc/dI5b8T5hshtkjS+E42TnysNCUPdjciGhY=
gopkg.in/cheggaaa/pb.v1 v1.0.18 h1:h5Qflf8N54NDtm3lWfBuCD4rslDjkXDoGkEMZCH4R80=
gopkg.in/cheggaaa/pb.v1 v1.0.18/go.mod h1:V/YB90LKu/1FcN3WVnfiiE5oMCibMjukxqG/qStrOgw=
